Microsoft Visual Studio Solution File, Format Version 12.00
# Visual Studio Version 17
VisualStudioVersion = 17.5.2.0
MinimumVisualStudioVersion = 10.0.40219.1
Project("{FAE04EC0-301F-11D3-BF4B-00C04F79EFBC}") = "nightreign-mapgen", "nightreign-mapgen\nightreign-mapgen.csproj", "{DE64CDD7-9BE5-D9A6-0368-E0DFA1F92A44}"
EndProject
Global
	GlobalSection(SolutionConfigurationPlatforms) = preSolution
		Debug|Any CPU = Debug|Any CPU
		Release|Any CPU = Release|Any CPU
	EndGlobalSection
	GlobalSection(ProjectConfigurationPlatforms) = postSolution
		{DE64CDD7-9BE5-D9A6-0368-E0DFA1F92A44}.Debug|Any CPU.ActiveCfg = Debug|Any CPU
		{DE64CDD7-9BE5-D9A6-0368-E0DFA1F92A44}.Debug|Any CPU.Build.0 = Debug|Any CPU
		{DE64CDD7-9BE5-D9A6-0368-E0DFA1F92A44}.Release|Any CPU.ActiveCfg = Release|Any CPU
		{DE64CDD7-9BE5-D9A6-0368-E0DFA1F92A44}.Release|Any CPU.Build.0 = Release|Any CPU
	EndGlobalSection
	GlobalSection(SolutionProperties) = preSolution
		HideSolutionNode = FALSE
	EndGlobalSection
	GlobalSection(ExtensibilityGlobals) = postSolution
		SolutionGuid = {A022C501-81EF-432B-9C51-9DEE963ABA08}
	EndGlobalSection
EndGlobal
